
Microsoft Visual Studio Solution File, Format Version 12.00
# Visual Studio Version 16
VisualStudioVersion = 16.0.31105.61
MinimumVisualStudioVersion = 10.0.40219.1
Project("{9A19103F-16F7-4668-BE54-9A1E7A4F7556}") = "MarsRoverCase", "MarsRoverCase\MarsRoverCase.csproj", "{C6E96979-6F27-4715-9968-01B8CB910DD0}"
EndProject
Project("{9A19103F-16F7-4668-BE54-9A1E7A4F7556}") = "MarsRoverCase.Bussiness", "MarsRoverCase.Bussiness\MarsRoverCase.Bussiness.csproj", "{E4810399-04BF-400C-AC83-8525005B7426}"
EndProject
Project("{FAE04EC0-301F-11D3-BF4B-00C04F79EFBC}") = "MarsRoverCase.BussinessTests", "MarsRoverCase.BussinessTests2\MarsRoverCase.BussinessTests.csproj", "{3D5106C6-7688-4C02-90E3-AFF258ABA12B}"
EndProject
Global
	GlobalSection(SolutionConfigurationPlatforms) = preSolution
		Debug|Any CPU = Debug|Any CPU
		Release|Any CPU = Release|Any CPU
	EndGlobalSection
	GlobalSection(ProjectConfigurationPlatforms) = postSolution
		{C6E96979-6F27-4715-9968-01B8CB910DD0}.Debug|Any CPU.ActiveCfg = Debug|Any CPU
		{C6E96979-6F27-4715-9968-01B8CB910DD0}.Debug|Any CPU.Build.0 = Debug|Any CPU
		{C6E96979-6F27-4715-9968-01B8CB910DD0}.Release|Any CPU.ActiveCfg = Release|Any CPU
		{C6E96979-6F27-4715-9968-01B8CB910DD0}.Release|Any CPU.Build.0 = Release|Any CPU
		{E4810399-04BF-400C-AC83-8525005B7426}.Debug|Any CPU.ActiveCfg = Debug|Any CPU
		{E4810399-04BF-400C-AC83-8525005B7426}.Debug|Any CPU.Build.0 = Debug|Any CPU
		{E4810399-04BF-400C-AC83-8525005B7426}.Release|Any CPU.ActiveCfg = Release|Any CPU
		{E4810399-04BF-400C-AC83-8525005B7426}.Release|Any CPU.Build.0 = Release|Any CPU
		{3D5106C6-7688-4C02-90E3-AFF258ABA12B}.Debug|Any CPU.ActiveCfg = Debug|Any CPU
		{3D5106C6-7688-4C02-90E3-AFF258ABA12B}.Debug|Any CPU.Build.0 = Debug|Any CPU
		{3D5106C6-7688-4C02-90E3-AFF258ABA12B}.Release|Any CPU.ActiveCfg = Release|Any CPU
		{3D5106C6-7688-4C02-90E3-AFF258ABA12B}.Release|Any CPU.Build.0 = Release|Any CPU
	EndGlobalSection
	GlobalSection(SolutionProperties) = preSolution
		HideSolutionNode = FALSE
	EndGlobalSection
	GlobalSection(ExtensibilityGlobals) = postSolution
		SolutionGuid = {C053B4DB-F008-4452-AE18-6F579F386061}
	EndGlobalSection
EndGlobal
